{
  "nodes": {
    "comparator": {
      "flake": false,
      "locked": {
        "lastModified": 1786344461,
        "narHash": "sha256-ncjwg10TbxMn9eCrz5ruJ+jEWFTsL+K1S6ABMJGV0q0=",
        "owner": "leanprover",
        "repo": "comparator",
        "rev": "3927ad383f208ae977c340a91c48ac9b497d2097",
        "type": "github"
      },
      "original": {
        "owner": "leanprover",
        "ref": "v4.33.0",
        "repo": "comparator",
        "type": "github"
      }
    },
    "flake-parts": {
      "inputs": {
        "nixpkgs-lib": [
          "nixpkgs"
        ]
      },
      "locked": {
        "lastModified": 1788450739,
        "narHash": "sha256-glZLQlzIn1fXH6PazR2iUmTo7kzzyYSshrWhLS9TqCU=",
        "owner": "hercules-ci",
        "repo": "flake-parts",
        "rev": "31729ca8cbdb4fa927b34e5f4353e6a83f39e993",
        "type": "github"
      },
      "original": {
        "owner": "hercules-ci",
        "repo": "flake-parts",
        "type": "github"
      }
    },
    "import-tree": {
      "locked": {
        "lastModified": 1788467110,
        "narHash": "sha256-ljEMTXP/rH0tOvDzc9gzwww6KcHRPRnEHzd9lK48V7s=",
        "owner": "denful",
        "repo": "import-tree",
        "rev": "eb1b52eaecc57f7c136d07ae8a93e724dfecac46",
        "type": "github"
      },
      "original": {
        "owner": "denful",
        "repo": "import-tree",
        "type": "github"
      }
    },
    "lean4export": {
      "flake": false,
      "locked": {
        "lastModified": 1786343316,
        "narHash": "sha256-7yxHyiUlXFVx4xBiSmtoKkh7FSgQrR5SXFgGj06yaaw=",
        "owner": "leanprover",
        "repo": "lean4export",
        "rev": "15f6055e299ad5b89345e533cc2192f4cc00f659",
        "type": "github"
      },
      "original": {
        "owner": "leanprover",
        "ref": "v4.33.0",
        "repo": "lean4export",
        "type": "github"
      }
    },
    "nixpkgs": {
      "locked": {
        "lastModified": 1788881743,
        "narHash": "sha256-2V9GZGvPfrNzxFozhI9dcqV+c3QdA8YZrvAAzqEB+dI=",
        "owner": "NixOS",
        "repo": "nixpkgs",
        "rev": "d6524aaca2ff07876657ae2b323f24be4874944b",
        "type": "github"
      },
      "original": {
        "owner": "NixOS",
        "ref": "nixos-unstable",
        "repo": "nixpkgs",
        "type": "github"
      }
    },
    "root": {
      "inputs": {
        "comparator": "comparator",
        "flake-parts": "flake-parts",
        "import-tree": "import-tree",
        "lean4export": "lean4export",
        "nixpkgs": "nixpkgs"
      }
    }
  },
  "root": "root",
  "version": 7
}
